
Microsoft Visual Studio Solution File, Format Version 12.00
# Visual Studio 2013
VisualStudioVersion = 12.0.31101.0
MinimumVisualStudioVersion = 10.0.40219.1
Project("{FAE04EC0-301F-11D3-BF4B-00C04F79EFBC}") = "ER.Api", "ER.Api\ER.Api.csproj", "{CCAE0685-DB6B-44DC-B7DE-8B071F626B80}"
EndProject
Project("{FAE04EC0-301F-11D3-BF4B-00C04F79EFBC}") = "ER.Api.Tests", "ER.Api.Tests\ER.Api.Tests.csproj", "{421D8E40-87F6-44A4-B551-E37BCC9BD049}"
EndProject
Global
	GlobalSection(SolutionConfigurationPlatforms) = preSolution
		Debug|Any CPU = Debug|Any CPU
		Release|Any CPU = Release|Any CPU
	EndGlobalSection
	GlobalSection(ProjectConfigurationPlatforms) = postSolution
		{CCAE0685-DB6B-44DC-B7DE-8B071F626B80}.Debug|Any CPU.ActiveCfg = Debug|Any CPU
		{CCAE0685-DB6B-44DC-B7DE-8B071F626B80}.Debug|Any CPU.Build.0 = Debug|Any CPU
		{CCAE0685-DB6B-44DC-B7DE-8B071F626B80}.Release|Any CPU.ActiveCfg = Release|Any CPU
		{CCAE0685-DB6B-44DC-B7DE-8B071F626B80}.Release|Any CPU.Build.0 = Release|Any CPU
		{421D8E40-87F6-44A4-B551-E37BCC9BD049}.Debug|Any CPU.ActiveCfg = Debug|Any CPU
		{421D8E40-87F6-44A4-B551-E37BCC9BD049}.Debug|Any CPU.Build.0 = Debug|Any CPU
		{421D8E40-87F6-44A4-B551-E37BCC9BD049}.Release|Any CPU.ActiveCfg = Release|Any CPU
		{421D8E40-87F6-44A4-B551-E37BCC9BD049}.Release|Any CPU.Build.0 = Release|Any CPU
	EndGlobalSection
	GlobalSection(SolutionProperties) = preSolution
		HideSolutionNode = FALSE
	EndGlobalSection
EndGlobal
