
Microsoft Visual Studio Solution File, Format Version 12.00
# Visual Studio 2013
VisualStudioVersion = 12.0.31101.0
MinimumVisualStudioVersion = 10.0.40219.1
Project("{FAE04EC0-301F-11D3-BF4B-00C04F79EFBC}") = "ER.Api", "ER.Api\ER.Api.csproj", "{CCAE0685-DB6B-44DC-B7DE-8B071F626B80}"
EndProject
Project("{FAE04EC0-301F-11D3-BF4B-00C04F79EFBC}") = "ER.Api.Tests", "ER.Api.Tests\ER.Api.Tests.csproj", "{421D8E40-87F6-44A4-B551-E37BCC9BD049}"
EndProject
Project("{FAE04EC0-301F-11D3-BF4B-00C04F79EFBC}") = "ER.Data", "ER.Data\ER.Data.csproj", "{B86A3398-82BA-4349-A2F9-93C49281FAE7}"
EndProject
Project("{FAE04EC0-301F-11D3-BF4B-00C04F79EFBC}") = "ER.ConsoleTest", "ER.ConsoleTest\ER.ConsoleTest.csproj", "{168D1B6A-2464-416A-A711-6E7A0F8E109D}"
EndProject
Project("{FAE04EC0-301F-11D3-BF4B-00C04F79EFBC}") = "ER.DataLayer", "ER.DataLayer\ER.DataLayer.csproj", "{81C570B9-789A-4252-B84E-0B59A7F6905D}"
EndProject
Project("{FAE04EC0-301F-11D3-BF4B-00C04F79EFBC}") = "ER.DataLayer.Test", "ER.DataLayer.Test\ER.DataLayer.Test.csproj", "{2FA1B4E1-3496-4B74-A065-4C43E7B0BB22}"
EndProject
Global
	GlobalSection(SolutionConfigurationPlatforms) = preSolution
		Debug|Any CPU = Debug|Any CPU
		Release|Any CPU = Release|Any CPU
	EndGlobalSection
	GlobalSection(ProjectConfigurationPlatforms) = postSolution
		{CCAE0685-DB6B-44DC-B7DE-8B071F626B80}.Debug|Any CPU.ActiveCfg = Debug|Any CPU
		{CCAE0685-DB6B-44DC-B7DE-8B071F626B80}.Debug|Any CPU.Build.0 = Debug|Any CPU
		{CCAE0685-DB6B-44DC-B7DE-8B071F626B80}.Release|Any CPU.ActiveCfg = Release|Any CPU
		{CCAE0685-DB6B-44DC-B7DE-8B071F626B80}.Release|Any CPU.Build.0 = Release|Any CPU
		{421D8E40-87F6-44A4-B551-E37BCC9BD049}.Debug|Any CPU.ActiveCfg = Debug|Any CPU
		{421D8E40-87F6-44A4-B551-E37BCC9BD049}.Debug|Any CPU.Build.0 = Debug|Any CPU
		{421D8E40-87F6-44A4-B551-E37BCC9BD049}.Release|Any CPU.ActiveCfg = Release|Any CPU
		{421D8E40-87F6-44A4-B551-E37BCC9BD049}.Release|Any CPU.Build.0 = Release|Any CPU
		{B86A3398-82BA-4349-A2F9-93C49281FAE7}.Debug|Any CPU.ActiveCfg = Debug|Any CPU
		{B86A3398-82BA-4349-A2F9-93C49281FAE7}.Debug|Any CPU.Build.0 = Debug|Any CPU
		{B86A3398-82BA-4349-A2F9-93C49281FAE7}.Release|Any CPU.ActiveCfg = Release|Any CPU
		{B86A3398-82BA-4349-A2F9-93C49281FAE7}.Release|Any CPU.Build.0 = Release|Any CPU
		{168D1B6A-2464-416A-A711-6E7A0F8E109D}.Debug|Any CPU.ActiveCfg = Debug|Any CPU
		{168D1B6A-2464-416A-A711-6E7A0F8E109D}.Debug|Any CPU.Build.0 = Debug|Any CPU
		{168D1B6A-2464-416A-A711-6E7A0F8E109D}.Release|Any CPU.ActiveCfg = Release|Any CPU
		{168D1B6A-2464-416A-A711-6E7A0F8E109D}.Release|Any CPU.Build.0 = Release|Any CPU
		{81C570B9-789A-4252-B84E-0B59A7F6905D}.Debug|Any CPU.ActiveCfg = Debug|Any CPU
		{81C570B9-789A-4252-B84E-0B59A7F6905D}.Debug|Any CPU.Build.0 = Debug|Any CPU
		{81C570B9-789A-4252-B84E-0B59A7F6905D}.Release|Any CPU.ActiveCfg = Release|Any CPU
		{81C570B9-789A-4252-B84E-0B59A7F6905D}.Release|Any CPU.Build.0 = Release|Any CPU
		{2FA1B4E1-3496-4B74-A065-4C43E7B0BB22}.Debug|Any CPU.ActiveCfg = Debug|Any CPU
		{2FA1B4E1-3496-4B74-A065-4C43E7B0BB22}.Debug|Any CPU.Build.0 = Debug|Any CPU
		{2FA1B4E1-3496-4B74-A065-4C43E7B0BB22}.Release|Any CPU.ActiveCfg = Release|Any CPU
		{2FA1B4E1-3496-4B74-A065-4C43E7B0BB22}.Release|Any CPU.Build.0 = Release|Any CPU
	EndGlobalSection
	GlobalSection(SolutionProperties) = preSolution
		HideSolutionNode = FALSE
	EndGlobalSection
EndGlobal
